// !$*UTF8*$!
{
	archiveVersion = 1;
	classes = {
	};
	objectVersion = 56;
	objects = {

/* Begin PBXBuildFile section */
		331861942BC98591008998AC /* VideoGameQuizApp.swift in Sources */ = {isa = PBXBuildFile; fileRef = 331861932BC98591008998AC /* VideoGameQuizApp.swift */; };
		331861962BC98591008998AC /* ContentView.swift in Sources */ = {isa = PBXBuildFile; fileRef = 331861952BC98591008998AC /* ContentView.swift */; };
		331861982BC98592008998AC /* Assets.xcassets in Resources */ = {isa = PBXBuildFile; fileRef = 331861972BC98592008998AC /* Assets.xcassets */; };
		3318619B2BC98592008998AC /* Preview Assets.xcassets in Resources */ = {isa = PBXBuildFile; fileRef = 3318619A2BC98592008998AC /* Preview Assets.xcassets */; };
		331861A52BC98593008998AC /* VideoGameQuizTests.swift in Sources */ = {isa = PBXBuildFile; fileRef = 331861A42BC98593008998AC /* VideoGameQuizTests.swift */; };
		331861AF2BC98593008998AC /* VideoGameQuizUITests.swift in Sources */ = {isa = PBXBuildFile; fileRef = 331861AE2BC98593008998AC /* VideoGameQuizUITests.swift */; };
		331861B12BC98593008998AC /* VideoGameQuizUITestsLaunchTests.swift in Sources */ = {isa = PBXBuildFile; fileRef = 331861B02BC98593008998AC /* VideoGameQuizUITestsLaunchTests.swift */; };
		331861BE2BC985C2008998AC /* StartView.swift in Sources */ = {isa = PBXBuildFile; fileRef = 331861BD2BC985C2008998AC /* StartView.swift */; };
		33FDC39A2BDC16AD0071D7B7 /* EndResultsView.swift in Sources */ = {isa = PBXBuildFile; fileRef = 331861BF2BC98664008998AC /* EndResultsView.swift */; };
/* End PBXBuildFile section */

/* Begin PBXContainerItemProxy section */
		331861A12BC98593008998AC /* PBXContainerItemProxy */ = {
			isa = PBXContainerItemProxy;
			containerPortal = 331861882BC98590008998AC /* Project object */;
			proxyType = 1;
			remoteGlobalIDString = 3318618F2BC98590008998AC;
			remoteInfo = VideoGameQuiz;
		};
		331861AB2BC98593008998AC /* PBXContainerItemProxy */ = {
			isa = PBXContainerItemProxy;
			containerPortal = 331861882BC98590008998AC /* Project object */;
			proxyType = 1;
			remoteGlobalIDString = 3318618F2BC98590008998AC;
			remoteInfo = VideoGameQuiz;
		};
/* End PBXContainerItemProxy section */

/* Begin PBXFileReference section */
		331861902BC98590008998AC /* VideoGameQuiz.app */ = {isa = PBXFileReference; explicitFileType = wrapper.application; includeInIndex = 0; path = VideoGameQuiz.app; sourceTree = BUILT_PRODUCTS_DIR; };
		331861932BC98591008998AC /* VideoGameQuizApp.swift */ = {isa = PBXFileReference; lastKnownFileType = sourcecode.swift; path = VideoGameQuizApp.swift; sourceTree = "<group>"; };
		331861952BC98591008998AC /* ContentView.swift */ = {isa = PBXFileReference; lastKnownFileType = sourcecode.swift; path = ContentView.swift; sourceTree = "<group>"; };
		331861972BC98592008998AC /* Assets.xcassets */ = {isa = PBXFileReference; lastKnownFileType = folder.assetcatalog; path = Assets.xcassets; sourceTree = "<group>"; };
		3318619A2BC98592008998AC /* Preview Assets.xcassets */ = {isa = PBXFileReference; lastKnownFileType = folder.assetcatalog; path = "Preview Assets.xcassets"; sourceTree = "<group>"; };
		331861A02BC98593008998AC /* VideoGameQuizTests.xctest */ = {isa = PBXFileReference; explicitFileType = wrapper.cfbundle; includeInIndex = 0; path = VideoGameQuizTests.xctest; sourceTree = BUILT_PRODUCTS_DIR; };
		331861A42BC98593008998AC /* VideoGameQuizTests.swift */ = {isa = PBXFileReference; lastKnownFileType = sourcecode.swift; path = VideoGameQuizTests.swift; sourceTree = "<group>"; };
		331861AA2BC98593008998AC /* VideoGameQuizUITests.xctest */ = {isa = PBXFileReference; explicitFileType = wrapper.cfbundle; includeInIndex = 0; path = VideoGameQuizUITests.xctest; sourceTree = BUILT_PRODUCTS_DIR; };
		331861AE2BC98593008998AC /* VideoGameQuizUITests.swift */ = {isa = PBXFileReference; lastKnownFileType = sourcecode.swift; path = VideoGameQuizUITests.swift; sourceTree = "<group>"; };
		331861B02BC98593008998AC /* VideoGameQuizUITestsLaunchTests.swift */ = {isa = PBXFileReference; lastKnownFileType = sourcecode.swift; path = VideoGameQuizUITestsLaunchTests.swift; sourceTree = "<group>"; };
		331861BD2BC985C2008998AC /* StartView.swift */ = {isa = PBXFileReference; lastKnownFileType = sourcecode.swift; path = StartView.swift; sourceTree = "<group>"; };
		331861BF2BC98664008998AC /* EndResultsView.swift */ = {isa = PBXFileReference; lastKnownFileType = sourcecode.swift; path = EndResultsView.swift; sourceTree = "<group>"; };
/* End PBXFileReference section */

/* Begin PBXFrameworksBuildPhase section */
		3318618D2BC98590008998AC /* Frameworks */ = {
			isa = PBXFrameworksBuildPhase;
			buildActionMask = 2147483647;
			files = (
			);
			runOnlyForDeploymentPostprocessing = 0;
		};
		3318619D2BC98593008998AC /* Frameworks */ = {
			isa = PBXFrameworksBuildPhase;
			buildActionMask = 2147483647;
			files = (
			);
			runOnlyForDeploymentPostprocessing = 0;
		};
		331861A72BC98593008998AC /* Frameworks */ = {
			isa = PBXFrameworksBuildPhase;
			buildActionMask = 2147483647;
			files = (
			);
			runOnlyForDeploymentPostprocessing = 0;
		};
/* End PBXFrameworksBuildPhase section */

/* Begin PBXGroup section */
		331861872BC98590008998AC = {
			isa = PBXGroup;
			children = (
				331861922BC98590008998AC /* VideoGameQuiz */,
				331861A32BC98593008998AC /* VideoGameQuizTests */,
				331861AD2BC98593008998AC /* VideoGameQuizUITests */,
				331861912BC98590008998AC /* Products */,
			);
			sourceTree = "<group>";
		};
		331861912BC98590008998AC /* Products */ = {
			isa = PBXGroup;
			children = (
				331861902BC98590008998AC /* VideoGameQuiz.app */,
				331861A02BC98593008998AC /* VideoGameQuizTests.xctest */,
				331861AA2BC98593008998AC /* VideoGameQuizUITests.xctest */,
			);
			name = Products;
			sourceTree = "<group>";
		};
		331861922BC98590008998AC /* VideoGameQuiz */ = {
			isa = PBXGroup;
			children = (
				331861932BC98591008998AC /* VideoGameQuizApp.swift */,
				331861BD2BC985C2008998AC /* StartView.swift */,
				331861952BC98591008998AC /* ContentView.swift */,
				331861BF2BC98664008998AC /* EndResultsView.swift */,
				331861972BC98592008998AC /* Assets.xcassets */,
				331861992BC98592008998AC /* Preview Content */,
			);
			path = VideoGameQuiz;
			sourceTree = "<group>";
		};
		331861992BC98592008998AC /* Preview Content */ = {
			isa = PBXGroup;
			children = (
				3318619A2BC98592008998AC /* Preview Assets.xcassets */,
			);
			path = "Preview Content";
			sourceTree = "<group>";
		};
		331861A32BC98593008998AC /* VideoGameQuizTests */ = {
			isa = PBXGroup;
			children = (
				331861A42BC98593008998AC /* VideoGameQuizTests.swift */,
			);
			path = VideoGameQuizTests;
			sourceTree = "<group>";
		};
		331861AD2BC98593008998AC /* VideoGameQuizUITests */ = {
			isa = PBXGroup;
			children = (
				331861B02BC98593008998AC /* VideoGameQuizUITestsLaunchTests.swift */,
				331861AE2BC98593008998AC /* VideoGameQuizUITests.swift */,
			);
			path = VideoGameQuizUITests;
			sourceTree = "<group>";
		};
/* End PBXGroup section */

/* Begin PBXNativeTarget section */
		3318618F2BC98590008998AC /* VideoGameQuiz */ = {
			isa = PBXNativeTarget;
			buildConfigurationList = 331861B42BC98593008998AC /* Build configuration list for PBXNativeTarget "VideoGameQuiz" */;
			buildPhases = (
				3318618C2BC98590008998AC /* Sources */,
				3318618D2BC98590008998AC /* Frameworks */,
				3318618E2BC98590008998AC /* Resources */,
			);
			buildRules = (
			);
			dependencies = (
			);
			name = VideoGameQuiz;
			productName = VideoGameQuiz;
			productReference = 331861902BC98590008998AC /* VideoGameQuiz.app */;
			productType = "com.apple.product-type.application";
		};
		3318619F2BC98593008998AC /* VideoGameQuizTests */ = {
			isa = PBXNativeTarget;
			buildConfigurationList = 331861B72BC98593008998AC /* Build configuration list for PBXNativeTarget "VideoGameQuizTests" */;
			buildPhases = (
				3318619C2BC98593008998AC /* Sources */,
				3318619D2BC98593008998AC /* Frameworks */,
				3318619E2BC98593008998AC /* Resources */,
			);
			buildRules = (
			);
			dependencies = (
				331861A22BC98593008998AC /* PBXTargetDependency */,
			);
			name = VideoGameQuizTests;
			productName = VideoGameQuizTests;
			productReference = 331861A02BC98593008998AC /* VideoGameQuizTests.xctest */;
			productType = "com.apple.product-type.bundle.unit-test";
		};
		331861A92BC98593008998AC /* VideoGameQuizUITests */ = {
			isa = PBXNativeTarget;
			buildConfigurationList = 331861BA2BC98593008998AC /* Build configuration list for PBXNativeTarget "VideoGameQuizUITests" */;
			buildPhases = (
				331861A62BC98593008998AC /* Sources */,
				331861A72BC98593008998AC /* Frameworks */,
				331861A82BC98593008998AC /* Resources */,
			);
			buildRules = (
			);
			dependencies = (
				331861AC2BC98593008998AC /* PBXTargetDependency */,
			);
			name = VideoGameQuizUITests;
			productName = VideoGameQuizUITests;
			productReference = 331861AA2BC98593008998AC /* VideoGameQuizUITests.xctest */;
			productType = "com.apple.product-type.bundle.ui-testing";
		};
/* End PBXNativeTarget section */

/* Begin PBXProject section */
		331861882BC98590008998AC /* Project object */ = {
			isa = PBXProject;
			attributes = {
				BuildIndependentTargetsInParallel = 1;
				LastSwiftUpdateCheck = 1510;
				LastUpgradeCheck = 1510;
				TargetAttributes = {
					3318618F2BC98590008998AC = {
						CreatedOnToolsVersion = 15.1;
					};
					3318619F2BC98593008998AC = {
						CreatedOnToolsVersion = 15.1;
						TestTargetID = 3318618F2BC98590008998AC;
					};
					331861A92BC98593008998AC = {
						CreatedOnToolsVersion = 15.1;
						TestTargetID = 3318618F2BC98590008998AC;
					};
				};
			};
			buildConfigurationList = 3318618B2BC98590008998AC /* Build configuration list for PBXProject "VideoGameQuiz" */;
			compatibilityVersion = "Xcode 14.0";
			developmentRegion = en;
			hasScannedForEncodings = 0;
			knownRegions = (
				en,
				Base,
			);
			mainGroup = 331861872BC98590008998AC;
			productRefGroup = 331861912BC98590008998AC /* Products */;
			projectDirPath = "";
			projectRoot = "";
			targets = (
				3318618F2BC98590008998AC /* VideoGameQuiz */,
				3318619F2BC98593008998AC /* VideoGameQuizTests */,
				331861A92BC98593008998AC /* VideoGameQuizUITests */,
			);
		};
/* End PBXProject section */

/* Begin PBXResourcesBuildPhase section */
		3318618E2BC98590008998AC /* Resources */ = {
			isa = PBXResourcesBuildPhase;
			buildActionMask = 2147483647;
			files = (
				3318619B2BC98592008998AC /* Preview Assets.xcassets in Resources */,
				331861982BC98592008998AC /* Assets.xcassets in Resources */,
			);
			runOnlyForDeploymentPostprocessing = 0;
		};
		3318619E2BC98593008998AC /* Resources */ = {
			isa = PBXResourcesBuildPhase;
			buildActionMask = 2147483647;
			files = (
			);
			runOnlyForDeploymentPostprocessing = 0;
		};
		331861A82BC98593008998AC /* Resources */ = {
			isa = PBXResourcesBuildPhase;
			buildActionMask = 2147483647;
			files = (
			);
			runOnlyForDeploymentPostprocessing = 0;
		};
/* End PBXResourcesBuildPhase section */

/* Begin PBXSourcesBuildPhase section */
		3318618C2BC98590008998AC /* Sources */ = {
			isa = PBXSourcesBuildPhase;
			buildActionMask = 2147483647;
			files = (
				331861BE2BC985C2008998AC /* StartView.swift in Sources */,
				331861962BC98591008998AC /* ContentView.swift in Sources */,
				331861942BC98591008998AC /* VideoGameQuizApp.swift in Sources */,
				33FDC39A2BDC16AD0071D7B7 /* EndResultsView.swift in Sources */,
			);
			runOnlyForDeploymentPostprocessing = 0;
		};
		3318619C2BC98593008998AC /* Sources */ = {
			isa = PBXSourcesBuildPhase;
			buildActionMask = 2147483647;
			files = (
				331861A52BC98593008998AC /* VideoGameQuizTests.swift in Sources */,
			);
			runOnlyForDeploymentPostprocessing = 0;
		};
		331861A62BC98593008998AC /* Sources */ = {
			isa = PBXSourcesBuildPhase;
			buildActionMask = 2147483647;
			files = (
				331861AF2BC98593008998AC /* VideoGameQuizUITests.swift in Sources */,
				331861B12BC98593008998AC /* VideoGameQuizUITestsLaunchTests.swift in Sources */,
			);
			runOnlyForDeploymentPostprocessing = 0;
		};
/* End PBXSourcesBuildPhase section */

/* Begin PBXTargetDependency section */
		331861A22BC98593008998AC /* PBXTargetDependency */ = {
			isa = PBXTargetDependency;
			target = 3318618F2BC98590008998AC /* VideoGameQuiz */;
			targetProxy = 331861A12BC98593008998AC /* PBXContainerItemProxy */;
		};
		331861AC2BC98593008998AC /* PBXTargetDependency */ = {
			isa = PBXTargetDependency;
			target = 3318618F2BC98590008998AC /* VideoGameQuiz */;
			targetProxy = 331861AB2BC98593008998AC /* PBXContainerItemProxy */;
		};
/* End PBXTargetDependency section */

/* Begin XCBuildConfiguration section */
		331861B22BC98593008998AC /* Debug */ = {
			isa = XCBuildConfiguration;
			buildSettings = {
				ALWAYS_SEARCH_USER_PATHS = NO;
				ASSETCATALOG_COMPILER_GENERATE_SWIFT_ASSET_SYMBOL_EXTENSIONS = YES;
				CLANG_ANALYZER_NONNULL = YES;
				CLANG_ANALYZER_NUMBER_OBJECT_CONVERSION = YES_AGGRESSIVE;
				CLANG_CXX_LANGUAGE_STANDARD = "gnu++20";
				CLANG_ENABLE_MODULES = YES;
				CLANG_ENABLE_OBJC_ARC = YES;
				CLANG_ENABLE_OBJC_WEAK = YES;
				CLANG_WARN_BLOCK_CAPTURE_AUTORELEASING = YES;
				CLANG_WARN_BOOL_CONVERSION = YES;
				CLANG_WARN_COMMA = YES;
				CLANG_WARN_CONSTANT_CONVERSION = YES;
				CLANG_WARN_DEPRECATED_OBJC_IMPLEMENTATIONS = YES;
				CLANG_WARN_DIRECT_OBJC_ISA_USAGE = YES_ERROR;
				CLANG_WARN_DOCUMENTATION_COMMENTS = YES;
				CLANG_WARN_EMPTY_BODY = YES;
				CLANG_WARN_ENUM_CONVERSION = YES;
				CLANG_WARN_INFINITE_RECURSION = YES;
				CLANG_WARN_INT_CONVERSION = YES;
				CLANG_WARN_NON_LITERAL_NULL_CONVERSION = YES;
				CLANG_WARN_OBJC_IMPLICIT_RETAIN_SELF = YES;
				CLANG_WARN_OBJC_LITERAL_CONVERSION = YES;
				CLANG_WARN_OBJC_ROOT_CLASS = YES_ERROR;
				CLANG_WARN_QUOTED_INCLUDE_IN_FRAMEWORK_HEADER = YES;
				CLANG_WARN_RANGE_LOOP_ANALYSIS = YES;
				CLANG_WARN_STRICT_PROTOTYPES = YES;
				CLANG_WARN_SUSPICIOUS_MOVE = YES;
				CLANG_WARN_UNGUARDED_AVAILABILITY = YES_AGGRESSIVE;
				CLANG_WARN_UNREACHABLE_CODE = YES;
				CLANG_WARN__DUPLICATE_METHOD_MATCH = YES;
				COPY_PHASE_STRIP = NO;
				DEBUG_INFORMATION_FORMAT = dwarf;
				ENABLE_STRICT_OBJC_MSGSEND = YES;
				ENABLE_TESTABILITY = YES;
				ENABLE_USER_SCRIPT_SANDBOXING = YES;
				GCC_C_LANGUAGE_STANDARD = gnu17;
				GCC_DYNAMIC_NO_PIC = NO;
				GCC_NO_COMMON_BLOCKS = YES;
				GCC_OPTIMIZATION_LEVEL = 0;
				GCC_PREPROCESSOR_DEFINITIONS = (
					"DEBUG=1",
					"$(inherited)",
				);
				GCC_WARN_64_TO_32_BIT_CONVERSION = YES;
				GCC_WARN_ABOUT_RETURN_TYPE = YES_ERROR;
				GCC_WARN_UNDECLARED_SELECTOR = YES;
				GCC_WARN_UNINITIALIZED_AUTOS = YES_AGGRESSIVE;
				GCC_WARN_UNUSED_FUNCTION = YES;
				GCC_WARN_UNUSED_VARIABLE = YES;
				IPHONEOS_DEPLOYMENT_TARGET = 17.2;
				LOCALIZATION_PREFERS_STRING_CATALOGS = YES;
				MTL_ENABLE_DEBUG_INFO = INCLUDE_SOURCE;
				MTL_FAST_MATH = YES;
				ONLY_ACTIVE_ARCH = YES;
				SDKROOT = iphoneos;
				SWIFT_ACTIVE_COMPILATION_CONDITIONS = "DEBUG $(inherited)";
				SWIFT_OPTIMIZATION_LEVEL = "-Onone";
			};
			name = Debug;
		};
		331861B32BC98593008998AC /* Release */ = {
			isa = XCBuildConfiguration;
			buildSettings = {
				ALWAYS_SEARCH_USER_PATHS = NO;
				ASSETCATALOG_COMPILER_GENERATE_SWIFT_ASSET_SYMBOL_EXTENSIONS = YES;
				CLANG_ANALYZER_NONNULL = YES;
				CLANG_ANALYZER_NUMBER_OBJECT_CONVERSION = YES_AGGRESSIVE;
				CLANG_CXX_LANGUAGE_STANDARD = "gnu++20";
				CLANG_ENABLE_MODULES = YES;
				CLANG_ENABLE_OBJC_ARC = YES;
				CLANG_ENABLE_OBJC_WEAK = YES;
				CLANG_WARN_BLOCK_CAPTURE_AUTORELEASING = YES;
				CLANG_WARN_BOOL_CONVERSION = YES;
				CLANG_WARN_COMMA = YES;
				CLANG_WARN_CONSTANT_CONVERSION = YES;
				CLANG_WARN_DEPRECATED_OBJC_IMPLEMENTATIONS = YES;
				CLANG_WARN_DIRECT_OBJC_ISA_USAGE = YES_ERROR;
				CLANG_WARN_DOCUMENTATION_COMMENTS = YES;
				CLANG_WARN_EMPTY_BODY = YES;
				CLANG_WARN_ENUM_CONVERSION = YES;
				CLANG_WARN_INFINITE_RECURSION = YES;
				CLANG_WARN_INT_CONVERSION = YES;
				CLANG_WARN_NON_LITERAL_NULL_CONVERSION = YES;
				CLANG_WARN_OBJC_IMPLICIT_RETAIN_SELF = YES;
				CLANG_WARN_OBJC_LITERAL_CONVERSION = YES;
				CLANG_WARN_OBJC_ROOT_CLASS = YES_ERROR;
				CLANG_WARN_QUOTED_INCLUDE_IN_FRAMEWORK_HEADER = YES;
				CLANG_WARN_RANGE_LOOP_ANALYSIS = YES;
				CLANG_WARN_STRICT_PROTOTYPES = YES;
				CLANG_WARN_SUSPICIOUS_MOVE = YES;
				CLANG_WARN_UNGUARDED_AVAILABILITY = YES_AGGRESSIVE;
				CLANG_WARN_UNREACHABLE_CODE = YES;
				CLANG_WARN__DUPLICATE_METHOD_MATCH = YES;
				COPY_PHASE_STRIP = NO;
				DEBUG_INFORMATION_FORMAT = "dwarf-with-dsym";
				ENABLE_NS_ASSERTIONS = NO;
				ENABLE_STRICT_OBJC_MSGSEND = YES;
				ENABLE_USER_SCRIPT_SANDBOXING = YES;
				GCC_C_LANGUAGE_STANDARD = gnu17;
				GCC_NO_COMMON_BLOCKS = YES;
				GCC_WARN_64_TO_32_BIT_CONVERSION = YES;
				GCC_WARN_ABOUT_RETURN_TYPE = YES_ERROR;
				GCC_WARN_UNDECLARED_SELECTOR = YES;
				GCC_WARN_UNINITIALIZED_AUTOS = YES_AGGRESSIVE;
				GCC_WARN_UNUSED_FUNCTION = YES;
				GCC_WARN_UNUSED_VARIABLE = YES;
				IPHONEOS_DEPLOYMENT_TARGET = 17.2;
				LOCALIZATION_PREFERS_STRING_CATALOGS = YES;
				MTL_ENABLE_DEBUG_INFO = NO;
				MTL_FAST_MATH = YES;
				SDKROOT = iphoneos;
				SWIFT_COMPILATION_MODE = wholemodule;
				VALIDATE_PRODUCT = YES;
			};
			name = Release;
		};
		331861B52BC98593008998AC /* Debug */ = {
			isa = XCBuildConfiguration;
			buildSettings = {
				ASSETCATALOG_COMPILER_APPICON_NAME = AppIcon;
				ASSETCATALOG_COMPILER_GLOBAL_ACCENT_COLOR_NAME = AccentColor;
				CODE_SIGN_STYLE = Automatic;
				CURRENT_PROJECT_VERSION = 1;
				DEVELOPMENT_ASSET_PATHS = "\"VideoGameQuiz/Preview Content\"";
				ENABLE_PREVIEWS = YES;
				GENERATE_INFOPLIST_FILE = YES;
				INFOPLIST_KEY_UIApplicationSceneManifest_Generation = YES;
				INFOPLIST_KEY_UIApplicationSupportsIndirectInputEvents = YES;
				INFOPLIST_KEY_UILaunchScreen_Generation = YES;
				INFOPLIST_KEY_UISupportedInterfaceOrientations_iPad = "UIInterfaceOrientationPortrait UIInterfaceOrientationPortraitUpsideDown UIInterfaceOrientationLandscapeLeft UIInterfaceOrientationLandscapeRight";
				INFOPLIST_KEY_UISupportedInterfaceOrientations_iPhone = "UIInterfaceOrientationPortrait UIInterfaceOrientationLandscapeLeft UIInterfaceOrientationLandscapeRight";
				LD_RUNPATH_SEARCH_PATHS = (
					"$(inherited)",
					"@executable_path/Frameworks",
				);
				MARKETING_VERSION = 1.0;
				PRODUCT_BUNDLE_IDENTIFIER = Zman.VideoGameQuiz;
				PRODUCT_NAME = "$(TARGET_NAME)";
				SWIFT_EMIT_LOC_STRINGS = YES;
				SWIFT_VERSION = 5.0;
				TARGETED_DEVICE_FAMILY = "1,2";
			};
			name = Debug;
		};
		331861B62BC98593008998AC /* Release */ = {
			isa = XCBuildConfiguration;
			buildSettings = {
				ASSETCATALOG_COMPILER_APPICON_NAME = AppIcon;
				ASSETCATALOG_COMPILER_GLOBAL_ACCENT_COLOR_NAME = AccentColor;
				CODE_SIGN_STYLE = Automatic;
				CURRENT_PROJECT_VERSION = 1;
				DEVELOPMENT_ASSET_PATHS = "\"VideoGameQuiz/Preview Content\"";
				ENABLE_PREVIEWS = YES;
				GENERATE_INFOPLIST_FILE = YES;
				INFOPLIST_KEY_UIApplicationSceneManifest_Generation = YES;
				INFOPLIST_KEY_UIApplicationSupportsIndirectInputEvents = YES;
				INFOPLIST_KEY_UILaunchScreen_Generation = YES;
				INFOPLIST_KEY_UISupportedInterfaceOrientations_iPad = "UIInterfaceOrientationPortrait UIInterfaceOrientationPortraitUpsideDown UIInterfaceOrientationLandscapeLeft UIInterfaceOrientationLandscapeRight";
				INFOPLIST_KEY_UISupportedInterfaceOrientations_iPhone = "UIInterfaceOrientationPortrait UIInterfaceOrientationLandscapeLeft UIInterfaceOrientationLandscapeRight";
				LD_RUNPATH_SEARCH_PATHS = (
					"$(inherited)",
					"@executable_path/Frameworks",
				);
				MARKETING_VERSION = 1.0;
				PRODUCT_BUNDLE_IDENTIFIER = Zman.VideoGameQuiz;
				PRODUCT_NAME = "$(TARGET_NAME)";
				SWIFT_EMIT_LOC_STRINGS = YES;
				SWIFT_VERSION = 5.0;
				TARGETED_DEVICE_FAMILY = "1,2";
			};
			name = Release;
		};
		331861B82BC98593008998AC /* Debug */ = {
			isa = XCBuildConfiguration;
			buildSettings = {
				ALWAYS_EMBED_SWIFT_STANDARD_LIBRARIES = YES;
				BUNDLE_LOADER = "$(TEST_HOST)";
				CODE_SIGN_STYLE = Automatic;
				CURRENT_PROJECT_VERSION = 1;
				GENERATE_INFOPLIST_FILE = YES;
				IPHONEOS_DEPLOYMENT_TARGET = 17.2;
				MARKETING_VERSION = 1.0;
				PRODUCT_BUNDLE_IDENTIFIER = Zman.VideoGameQuizTests;
				PRODUCT_NAME = "$(TARGET_NAME)";
				SWIFT_EMIT_LOC_STRINGS = NO;
				SWIFT_VERSION = 5.0;
				TARGETED_DEVICE_FAMILY = "1,2";
				TEST_HOST = "$(BUILT_PRODUCTS_DIR)/VideoGameQuiz.app/$(BUNDLE_EXECUTABLE_FOLDER_PATH)/VideoGameQuiz";
			};
			name = Debug;
		};
		331861B92BC98593008998AC /* Release */ = {
			isa = XCBuildConfiguration;
			buildSettings = {
				ALWAYS_EMBED_SWIFT_STANDARD_LIBRARIES = YES;
				BUNDLE_LOADER = "$(TEST_HOST)";
				CODE_SIGN_STYLE = Automatic;
				CURRENT_PROJECT_VERSION = 1;
				GENERATE_INFOPLIST_FILE = YES;
				IPHONEOS_DEPLOYMENT_TARGET = 17.2;
				MARKETING_VERSION = 1.0;
				PRODUCT_BUNDLE_IDENTIFIER = Zman.VideoGameQuizTests;
				PRODUCT_NAME = "$(TARGET_NAME)";
				SWIFT_EMIT_LOC_STRINGS = NO;
				SWIFT_VERSION = 5.0;
				TARGETED_DEVICE_FAMILY = "1,2";
				TEST_HOST = "$(BUILT_PRODUCTS_DIR)/VideoGameQuiz.app/$(BUNDLE_EXECUTABLE_FOLDER_PATH)/VideoGameQuiz";
			};
			name = Release;
		};
		331861BB2BC98593008998AC /* Debug */ = {
			isa = XCBuildConfiguration;
			buildSettings = {
				ALWAYS_EMBED_SWIFT_STANDARD_LIBRARIES = YES;
				CODE_SIGN_STYLE = Automatic;
				CURRENT_PROJECT_VERSION = 1;
				GENERATE_INFOPLIST_FILE = YES;
				MARKETING_VERSION = 1.0;
				PRODUCT_BUNDLE_IDENTIFIER = Zman.VideoGameQuizUITests;
				PRODUCT_NAME = "$(TARGET_NAME)";
				SWIFT_EMIT_LOC_STRINGS = NO;
				SWIFT_VERSION = 5.0;
				TARGETED_DEVICE_FAMILY = "1,2";
				TEST_TARGET_NAME = VideoGameQuiz;
			};
			name = Debug;
		};
		331861BC2BC98593008998AC /* Release */ = {
			isa = XCBuildConfiguration;
			buildSettings = {
				ALWAYS_EMBED_SWIFT_STANDARD_LIBRARIES = YES;
				CODE_SIGN_STYLE = Automatic;
				CURRENT_PROJECT_VERSION = 1;
				GENERATE_INFOPLIST_FILE = YES;
				MARKETING_VERSION = 1.0;
				PRODUCT_BUNDLE_IDENTIFIER = Zman.VideoGameQuizUITests;
				PRODUCT_NAME = "$(TARGET_NAME)";
				SWIFT_EMIT_LOC_STRINGS = NO;
				SWIFT_VERSION = 5.0;
				TARGETED_DEVICE_FAMILY = "1,2";
				TEST_TARGET_NAME = VideoGameQuiz;
			};
			name = Release;
		};
/* End XCBuildConfiguration section */

/* Begin XCConfigurationList section */
		3318618B2BC98590008998AC /* Build configuration list for PBXProject "VideoGameQuiz" */ = {
			isa = XCConfigurationList;
			buildConfigurations = (
				331861B22BC98593008998AC /* Debug */,
				331861B32BC98593008998AC /* Release */,
			);
			defaultConfigurationIsVisible = 0;
			defaultConfigurationName = Release;
		};
		331861B42BC98593008998AC /* Build configuration list for PBXNativeTarget "VideoGameQuiz" */ = {
			isa = XCConfigurationList;
			buildConfigurations = (
				331861B52BC98593008998AC /* Debug */,
				331861B62BC98593008998AC /* Release */,
			);
			defaultConfigurationIsVisible = 0;
			defaultConfigurationName = Release;
		};
		331861B72BC98593008998AC /* Build configuration list for PBXNativeTarget "VideoGameQuizTests" */ = {
			isa = XCConfigurationList;
			buildConfigurations = (
				331861B82BC98593008998AC /* Debug */,
				331861B92BC98593008998AC /* Release */,
			);
			defaultConfigurationIsVisible = 0;
			defaultConfigurationName = Release;
		};
		331861BA2BC98593008998AC /* Build configuration list for PBXNativeTarget "VideoGameQuizUITests" */ = {
			isa = XCConfigurationList;
			buildConfigurations = (
				331861BB2BC98593008998AC /* Debug */,
				331861BC2BC98593008998AC /* Release */,
			);
			defaultConfigurationIsVisible = 0;
			defaultConfigurationName = Release;
		};
/* End XCConfigurationList section */
	};
	rootObject = 331861882BC98590008998AC /* Project object */;
}
